
Microsoft Visual Studio Solution File, Format Version 12.00
# Visual Studio Version 16
VisualStudioVersion = 16.0.29613.14
MinimumVisualStudioVersion = 10.0.40219.1
Project("{FAE04EC0-301F-11D3-BF4B-00C04F79EFBC}") = "CadastroUsuario", "CadastroUsuario\CadastroUsuario.csproj", "{59C34A59-0BE9-44F5-AB54-99887A702957}"
EndProject
Global
	GlobalSection(SolutionConfigurationPlatforms) = preSolution
		Debug|Any CPU = Debug|Any CPU
		Release|Any CPU = Release|Any CPU
	EndGlobalSection
	GlobalSection(ProjectConfigurationPlatforms) = postSolution
		{59C34A59-0BE9-44F5-AB54-99887A702957}.Debug|Any CPU.ActiveCfg = Debug|Any CPU
		{59C34A59-0BE9-44F5-AB54-99887A702957}.Debug|Any CPU.Build.0 = Debug|Any CPU
		{59C34A59-0BE9-44F5-AB54-99887A702957}.Release|Any CPU.ActiveCfg = Release|Any CPU
		{59C34A59-0BE9-44F5-AB54-99887A702957}.Release|Any CPU.Build.0 = Release|Any CPU
	EndGlobalSection
	GlobalSection(SolutionProperties) = preSolution
		HideSolutionNode = FALSE
	EndGlobalSection
	GlobalSection(ExtensibilityGlobals) = postSolution
		SolutionGuid = {313E90EA-FABF-4539-91B8-82544C9EE32D}
	EndGlobalSection
EndGlobal
